// !$*UTF8*$!
{
	archiveVersion = 1;
	classes = {
	};
	objectVersion = 50;
	objects = {

/* Begin PBXBuildFile section */
		3A7ECB062716C70C00F627DC /* test.json in Resources */ = {isa = PBXBuildFile; fileRef = 3A7ECB052716C70C00F627DC /* test.json */; };
		3ADBF1342704419B007E9EFD /* AppDelegate.swift in Sources */ = {isa = PBXBuildFile; fileRef = 3ADBF1332704419B007E9EFD /* AppDelegate.swift */; };
		3ADBF1362704419B007E9EFD /* SceneDelegate.swift in Sources */ = {isa = PBXBuildFile; fileRef = 3ADBF1352704419B007E9EFD /* SceneDelegate.swift */; };
		3ADBF1382704419B007E9EFD /* ViewController.swift in Sources */ = {isa = PBXBuildFile; fileRef = 3ADBF1372704419B007E9EFD /* ViewController.swift */; };
		3ADBF13B2704419B007E9EFD /* Main.storyboard in Resources */ = {isa = PBXBuildFile; fileRef = 3ADBF1392704419B007E9EFD /* Main.storyboard */; };
		3ADBF13D2704419E007E9EFD /* Assets.xcassets in Resources */ = {isa = PBXBuildFile; fileRef = 3ADBF13C2704419E007E9EFD /* Assets.xcassets */; };
		3ADBF1402704419E007E9EFD /* LaunchScreen.storyboard in Resources */ = {isa = PBXBuildFile; fileRef = 3ADBF13E2704419E007E9EFD /* LaunchScreen.storyboard */; };
		3ADBF149270449C7007E9EFD /* map.json in Resources */ = {isa = PBXBuildFile; fileRef = 3ADBF148270449C7007E9EFD /* map.json */; };
/* End PBXBuildFile section */

/* Begin PBXFileReference section */
		3A7ECB052716C70C00F627DC /* test.json */ = {isa = PBXFileReference; fileEncoding = 4; lastKnownFileType = text.json; name = test.json; path = ../../../../../../Desktop/test.json; sourceTree = "<group>"; };
		3ADBF1302704419B007E9EFD /* GeoJSONTest.app */ = {isa = PBXFileReference; explicitFileType = wrapper.application; includeInIndex = 0; path = GeoJSONTest.app; sourceTree = BUILT_PRODUCTS_DIR; };
		3ADBF1332704419B007E9EFD /* AppDelegate.swift */ = {isa = PBXFileReference; lastKnownFileType = sourcecode.swift; path = AppDelegate.swift; sourceTree = "<group>"; };
		3ADBF1352704419B007E9EFD /* SceneDelegate.swift */ = {isa = PBXFileReference; lastKnownFileType = sourcecode.swift; path = SceneDelegate.swift; sourceTree = "<group>"; };
		3ADBF1372704419B007E9EFD /* ViewController.swift */ = {isa = PBXFileReference; lastKnownFileType = sourcecode.swift; path = ViewController.swift; sourceTree = "<group>"; };
		3ADBF13A2704419B007E9EFD /* Base */ = {isa = PBXFileReference; lastKnownFileType = file.storyboard; name = Base; path = Base.lproj/Main.storyboard; sourceTree = "<group>"; };
		3ADBF13C2704419E007E9EFD /* Assets.xcassets */ = {isa = PBXFileReference; lastKnownFileType = folder.assetcatalog; path = Assets.xcassets; sourceTree = "<group>"; };
		3ADBF13F2704419E007E9EFD /* Base */ = {isa = PBXFileReference; lastKnownFileType = file.storyboard; name = Base; path = Base.lproj/LaunchScreen.storyboard; sourceTree = "<group>"; };
		3ADBF1412704419E007E9EFD /* Info.plist */ = {isa = PBXFileReference; lastKnownFileType = text.plist.xml; path = Info.plist; sourceTree = "<group>"; };
		3ADBF148270449C7007E9EFD /* map.json */ = {isa = PBXFileReference; lastKnownFileType = text.json; path = map.json; sourceTree = "<group>"; };
/* End PBXFileReference section */

/* Begin PBXFrameworksBuildPhase section */
		3ADBF12D2704419B007E9EFD /* Frameworks */ = {
			isa = PBXFrameworksBuildPhase;
			buildActionMask = 2147483647;
			files = (
			);
			runOnlyForDeploymentPostprocessing = 0;
		};
/* End PBXFrameworksBuildPhase section */

/* Begin PBXGroup section */
		3ADBF1272704419B007E9EFD = {
			isa = PBXGroup;
			children = (
				3ADBF1322704419B007E9EFD /* GeoJSONTest */,
				3ADBF1312704419B007E9EFD /* Products */,
			);
			sourceTree = "<group>";
		};
		3ADBF1312704419B007E9EFD /* Products */ = {
			isa = PBXGroup;
			children = (
				3ADBF1302704419B007E9EFD /* GeoJSONTest.app */,
			);
			name = Products;
			sourceTree = "<group>";
		};
		3ADBF1322704419B007E9EFD /* GeoJSONTest */ = {
			isa = PBXGroup;
			children = (
				3ADBF14727044999007E9EFD /* Model */,
				3ADBF1372704419B007E9EFD /* ViewController.swift */,
				3ADBF1332704419B007E9EFD /* AppDelegate.swift */,
				3ADBF1352704419B007E9EFD /* SceneDelegate.swift */,
				3ADBF1392704419B007E9EFD /* Main.storyboard */,
				3ADBF13C2704419E007E9EFD /* Assets.xcassets */,
				3ADBF13E2704419E007E9EFD /* LaunchScreen.storyboard */,
				3ADBF1412704419E007E9EFD /* Info.plist */,
			);
			path = GeoJSONTest;
			sourceTree = "<group>";
		};
		3ADBF14727044999007E9EFD /* Model */ = {
			isa = PBXGroup;
			children = (
				3A7ECB052716C70C00F627DC /* test.json */,
				3ADBF148270449C7007E9EFD /* map.json */,
			);
			path = Model;
			sourceTree = "<group>";
		};
/* End PBXGroup section */

/* Begin PBXNativeTarget section */
		3ADBF12F2704419B007E9EFD /* GeoJSONTest */ = {
			isa = PBXNativeTarget;
			buildConfigurationList = 3ADBF1442704419E007E9EFD /* Build configuration list for PBXNativeTarget "GeoJSONTest" */;
			buildPhases = (
				3ADBF12C2704419B007E9EFD /* Sources */,
				3ADBF12D2704419B007E9EFD /* Frameworks */,
				3ADBF12E2704419B007E9EFD /* Resources */,
			);
			buildRules = (
			);
			dependencies = (
			);
			name = GeoJSONTest;
			productName = GeoJSONTest;
			productReference = 3ADBF1302704419B007E9EFD /* GeoJSONTest.app */;
			productType = "com.apple.product-type.application";
		};
/* End PBXNativeTarget section */

/* Begin PBXProject section */
		3ADBF1282704419B007E9EFD /* Project object */ = {
			isa = PBXProject;
			attributes = {
				LastSwiftUpdateCheck = 1250;
				LastUpgradeCheck = 1250;
				TargetAttributes = {
					3ADBF12F2704419B007E9EFD = {
						CreatedOnToolsVersion = 12.5.1;
					};
				};
			};
			buildConfigurationList = 3ADBF12B2704419B007E9EFD /* Build configuration list for PBXProject "GeoJSONTest" */;
			compatibilityVersion = "Xcode 9.3";
			developmentRegion = en;
			hasScannedForEncodings = 0;
			knownRegions = (
				en,
				Base,
			);
			mainGroup = 3ADBF1272704419B007E9EFD;
			productRefGroup = 3ADBF1312704419B007E9EFD /* Products */;
			projectDirPath = "";
			projectRoot = "";
			targets = (
				3ADBF12F2704419B007E9EFD /* GeoJSONTest */,
			);
		};
/* End PBXProject section */

/* Begin PBXResourcesBuildPhase section */
		3ADBF12E2704419B007E9EFD /* Resources */ = {
			isa = PBXResourcesBuildPhase;
			buildActionMask = 2147483647;
			files = (
				3ADBF1402704419E007E9EFD /* LaunchScreen.storyboard in Resources */,
				3ADBF13D2704419E007E9EFD /* Assets.xcassets in Resources */,
				3A7ECB062716C70C00F627DC /* test.json in Resources */,
				3ADBF149270449C7007E9EFD /* map.json in Resources */,
				3ADBF13B2704419B007E9EFD /* Main.storyboard in Resources */,
			);
			runOnlyForDeploymentPostprocessing = 0;
		};
/* End PBXResourcesBuildPhase section */

/* Begin PBXSourcesBuildPhase section */
		3ADBF12C2704419B007E9EFD /* Sources */ = {
			isa = PBXSourcesBuildPhase;
			buildActionMask = 2147483647;
			files = (
				3ADBF1382704419B007E9EFD /* ViewController.swift in Sources */,
				3ADBF1342704419B007E9EFD /* AppDelegate.swift in Sources */,
				3ADBF1362704419B007E9EFD /* SceneDelegate.swift in Sources */,
			);
			runOnlyForDeploymentPostprocessing = 0;
		};
/* End PBXSourcesBuildPhase section */

/* Begin PBXVariantGroup section */
		3ADBF1392704419B007E9EFD /* Main.storyboard */ = {
			isa = PBXVariantGroup;
			children = (
				3ADBF13A2704419B007E9EFD /* Base */,
			);
			name = Main.storyboard;
			sourceTree = "<group>";
		};
		3ADBF13E2704419E007E9EFD /* LaunchScreen.storyboard */ = {
			isa = PBXVariantGroup;
			children = (
				3ADBF13F2704419E007E9EFD /* Base */,
			);
			name = LaunchScreen.storyboard;
			sourceTree = "<group>";
		};
/* End PBXVariantGroup section */

/* Begin XCBuildConfiguration section */
		3ADBF1422704419E007E9EFD /* Debug */ = {
			isa = XCBuildConfiguration;
			buildSettings = {
				ALWAYS_SEARCH_USER_PATHS = NO;
				CLANG_ANALYZER_NONNULL = YES;
				CLANG_ANALYZER_NUMBER_OBJECT_CONVERSION = YES_AGGRESSIVE;
				CLANG_CXX_LANGUAGE_STANDARD = "gnu++14";
				CLANG_CXX_LIBRARY = "libc++";
				CLANG_ENABLE_MODULES = YES;
				CLANG_ENABLE_OBJC_ARC = YES;
				CLANG_ENABLE_OBJC_WEAK = YES;
				CLANG_WARN_BLOCK_CAPTURE_AUTORELEASING = YES;
				CLANG_WARN_BOOL_CONVERSION = YES;
				CLANG_WARN_COMMA = YES;
				CLANG_WARN_CONSTANT_CONVERSION = YES;
				CLANG_WARN_DEPRECATED_OBJC_IMPLEMENTATIONS = YES;
				CLANG_WARN_DIRECT_OBJC_ISA_USAGE = YES_ERROR;
				CLANG_WARN_DOCUMENTATION_COMMENTS = YES;
				CLANG_WARN_EMPTY_BODY = YES;
				CLANG_WARN_ENUM_CONVERSION = YES;
				CLANG_WARN_INFINITE_RECURSION = YES;
				CLANG_WARN_INT_CONVERSION = YES;
				CLANG_WARN_NON_LITERAL_NULL_CONVERSION = YES;
				CLANG_WARN_OBJC_IMPLICIT_RETAIN_SELF = YES;
				CLANG_WARN_OBJC_LITERAL_CONVERSION = YES;
				CLANG_WARN_OBJC_ROOT_CLASS = YES_ERROR;
				CLANG_WARN_QUOTED_INCLUDE_IN_FRAMEWORK_HEADER = YES;
				CLANG_WARN_RANGE_LOOP_ANALYSIS = YES;
				CLANG_WARN_STRICT_PROTOTYPES = YES;
				CLANG_WARN_SUSPICIOUS_MOVE = YES;
				CLANG_WARN_UNGUARDED_AVAILABILITY = YES_AGGRESSIVE;
				CLANG_WARN_UNREACHABLE_CODE = YES;
				CLANG_WARN__DUPLICATE_METHOD_MATCH = YES;
				COPY_PHASE_STRIP = NO;
				DEBUG_INFORMATION_FORMAT = dwarf;
				ENABLE_STRICT_OBJC_MSGSEND = YES;
				ENABLE_TESTABILITY = YES;
				GCC_C_LANGUAGE_STANDARD = gnu11;
				GCC_DYNAMIC_NO_PIC = NO;
				GCC_NO_COMMON_BLOCKS = YES;
				GCC_OPTIMIZATION_LEVEL = 0;
				GCC_PREPROCESSOR_DEFINITIONS = (
					"DEBUG=1",
					"$(inherited)",
				);
				GCC_WARN_64_TO_32_BIT_CONVERSION = YES;
				GCC_WARN_ABOUT_RETURN_TYPE = YES_ERROR;
				GCC_WARN_UNDECLARED_SELECTOR = YES;
				GCC_WARN_UNINITIALIZED_AUTOS = YES_AGGRESSIVE;
				GCC_WARN_UNUSED_FUNCTION = YES;
				GCC_WARN_UNUSED_VARIABLE = YES;
				IPHONEOS_DEPLOYMENT_TARGET = 14.5;
				MTL_ENABLE_DEBUG_INFO = INCLUDE_SOURCE;
				MTL_FAST_MATH = YES;
				ONLY_ACTIVE_ARCH = YES;
				SDKROOT = iphoneos;
				SWIFT_ACTIVE_COMPILATION_CONDITIONS = DEBUG;
				SWIFT_OPTIMIZATION_LEVEL = "-Onone";
			};
			name = Debug;
		};
		3ADBF1432704419E007E9EFD /* Release */ = {
			isa = XCBuildConfiguration;
			buildSettings = {
				ALWAYS_SEARCH_USER_PATHS = NO;
				CLANG_ANALYZER_NONNULL = YES;
				CLANG_ANALYZER_NUMBER_OBJECT_CONVERSION = YES_AGGRESSIVE;
				CLANG_CXX_LANGUAGE_STANDARD = "gnu++14";
				CLANG_CXX_LIBRARY = "libc++";
				CLANG_ENABLE_MODULES = YES;
				CLANG_ENABLE_OBJC_ARC = YES;
				CLANG_ENABLE_OBJC_WEAK = YES;
				CLANG_WARN_BLOCK_CAPTURE_AUTORELEASING = YES;
				CLANG_WARN_BOOL_CONVERSION = YES;
				CLANG_WARN_COMMA = YES;
				CLANG_WARN_CONSTANT_CONVERSION = YES;
				CLANG_WARN_DEPRECATED_OBJC_IMPLEMENTATIONS = YES;
				CLANG_WARN_DIRECT_OBJC_ISA_USAGE = YES_ERROR;
				CLANG_WARN_DOCUMENTATION_COMMENTS = YES;
				CLANG_WARN_EMPTY_BODY = YES;
				CLANG_WARN_ENUM_CONVERSION = YES;
				CLANG_WARN_INFINITE_RECURSION = YES;
				CLANG_WARN_INT_CONVERSION = YES;
				CLANG_WARN_NON_LITERAL_NULL_CONVERSION = YES;
				CLANG_WARN_OBJC_IMPLICIT_RETAIN_SELF = YES;
				CLANG_WARN_OBJC_LITERAL_CONVERSION = YES;
				CLANG_WARN_OBJC_ROOT_CLASS = YES_ERROR;
				CLANG_WARN_QUOTED_INCLUDE_IN_FRAMEWORK_HEADER = YES;
				CLANG_WARN_RANGE_LOOP_ANALYSIS = YES;
				CLANG_WARN_STRICT_PROTOTYPES = YES;
				CLANG_WARN_SUSPICIOUS_MOVE = YES;
				CLANG_WARN_UNGUARDED_AVAILABILITY = YES_AGGRESSIVE;
				CLANG_WARN_UNREACHABLE_CODE = YES;
				CLANG_WARN__DUPLICATE_METHOD_MATCH = YES;
				COPY_PHASE_STRIP = NO;
				DEBUG_INFORMATION_FORMAT = "dwarf-with-dsym";
				ENABLE_NS_ASSERTIONS = NO;
				ENABLE_STRICT_OBJC_MSGSEND = YES;
				GCC_C_LANGUAGE_STANDARD = gnu11;
				GCC_NO_COMMON_BLOCKS = YES;
				GCC_WARN_64_TO_32_BIT_CONVERSION = YES;
				GCC_WARN_ABOUT_RETURN_TYPE = YES_ERROR;
				GCC_WARN_UNDECLARED_SELECTOR = YES;
				GCC_WARN_UNINITIALIZED_AUTOS = YES_AGGRESSIVE;
				GCC_WARN_UNUSED_FUNCTION = YES;
				GCC_WARN_UNUSED_VARIABLE = YES;
				IPHONEOS_DEPLOYMENT_TARGET = 14.5;
				MTL_ENABLE_DEBUG_INFO = NO;
				MTL_FAST_MATH = YES;
				SDKROOT = iphoneos;
				SWIFT_COMPILATION_MODE = wholemodule;
				SWIFT_OPTIMIZATION_LEVEL = "-O";
				VALIDATE_PRODUCT = YES;
			};
			name = Release;
		};
		3ADBF1452704419E007E9EFD /* Debug */ = {
			isa = XCBuildConfiguration;
			buildSettings = {
				ASSETCATALOG_COMPILER_APPICON_NAME = AppIcon;
				ASSETCATALOG_COMPILER_GLOBAL_ACCENT_COLOR_NAME = AccentColor;
				CODE_SIGN_STYLE = Automatic;
				INFOPLIST_FILE = GeoJSONTest/Info.plist;
				LD_RUNPATH_SEARCH_PATHS = (
					"$(inherited)",
					"@executable_path/Frameworks",
				);
				PRODUCT_BUNDLE_IDENTIFIER = test.GeoJSONTest;
				PRODUCT_NAME = "$(TARGET_NAME)";
				SWIFT_VERSION = 5.0;
				TARGETED_DEVICE_FAMILY = "1,2";
			};
			name = Debug;
		};
		3ADBF1462704419E007E9EFD /* Release */ = {
			isa = XCBuildConfiguration;
			buildSettings = {
				ASSETCATALOG_COMPILER_APPICON_NAME = AppIcon;
				ASSETCATALOG_COMPILER_GLOBAL_ACCENT_COLOR_NAME = AccentColor;
				CODE_SIGN_STYLE = Automatic;
				INFOPLIST_FILE = GeoJSONTest/Info.plist;
				LD_RUNPATH_SEARCH_PATHS = (
					"$(inherited)",
					"@executable_path/Frameworks",
				);
				PRODUCT_BUNDLE_IDENTIFIER = test.GeoJSONTest;
				PRODUCT_NAME = "$(TARGET_NAME)";
				SWIFT_VERSION = 5.0;
				TARGETED_DEVICE_FAMILY = "1,2";
			};
			name = Release;
		};
/* End XCBuildConfiguration section */

/* Begin XCConfigurationList section */
		3ADBF12B2704419B007E9EFD /* Build configuration list for PBXProject "GeoJSONTest" */ = {
			isa = XCConfigurationList;
			buildConfigurations = (
				3ADBF1422704419E007E9EFD /* Debug */,
				3ADBF1432704419E007E9EFD /* Release */,
			);
			defaultConfigurationIsVisible = 0;
			defaultConfigurationName = Release;
		};
		3ADBF1442704419E007E9EFD /* Build configuration list for PBXNativeTarget "GeoJSONTest" */ = {
			isa = XCConfigurationList;
			buildConfigurations = (
				3ADBF1452704419E007E9EFD /* Debug */,
				3ADBF1462704419E007E9EFD /* Release */,
			);
			defaultConfigurationIsVisible = 0;
			defaultConfigurationName = Release;
		};
/* End XCConfigurationList section */
	};
	rootObject = 3ADBF1282704419B007E9EFD /* Project object */;
}
